// !$*UTF8*$!
{
	archiveVersion = 1;
	classes = {
	};
	objectVersion = 46;
	objects = {

/* Begin PBXBuildFile section */
		044D65F5180A15BC00489A1C /* Foundation.framework in Frameworks */ = {isa = PBXBuildFile; fileRef = 044D65F4180A15BC00489A1C /* Foundation.framework */; };
		044D65F7180A15BC00489A1C /* CoreGraphics.framework in Frameworks */ = {isa = PBXBuildFile; fileRef = 044D65F6180A15BC00489A1C /* CoreGraphics.framework */; };
		044D65F9180A15BC00489A1C /* UIKit.framework in Frameworks */ = {isa = PBXBuildFile; fileRef = 044D65F8180A15BC00489A1C /* UIKit.framework */; };
		044D65FF180A15BC00489A1C /* InfoPlist.strings in Resources */ = {isa = PBXBuildFile; fileRef = 044D65FD180A15BC00489A1C /* InfoPlist.strings */; };
		044D6601180A15BC00489A1C /* main.m in Sources */ = {isa = PBXBuildFile; fileRef = 044D6600180A15BC00489A1C /* main.m */; };
		044D6605180A15BC00489A1C /* AppDelegate.m in Sources */ = {isa = PBXBuildFile; fileRef = 044D6604180A15BC00489A1C /* AppDelegate.m */; };
		044D6607180A15BC00489A1C /* Images.xcassets in Resources */ = {isa = PBXBuildFile; fileRef = 044D6606180A15BC00489A1C /* Images.xcassets */; };
		044D660E180A15BC00489A1C /* XCTest.framework in Frameworks */ = {isa = PBXBuildFile; fileRef = 044D660D180A15BC00489A1C /* XCTest.framework */; };
		044D660F180A15BC00489A1C /* Foundation.framework in Frameworks */ = {isa = PBXBuildFile; fileRef = 044D65F4180A15BC00489A1C /* Foundation.framework */; };
		044D6610180A15BC00489A1C /* UIKit.framework in Frameworks */ = {isa = PBXBuildFile; fileRef = 044D65F8180A15BC00489A1C /* UIKit.framework */; };
		044D6618180A15BC00489A1C /* InfoPlist.strings in Resources */ = {isa = PBXBuildFile; fileRef = 044D6616180A15BC00489A1C /* InfoPlist.strings */; };
		044D661A180A15BC00489A1C /* ToDoTests.m in Sources */ = {isa = PBXBuildFile; fileRef = 044D6619180A15BC00489A1C /* ToDoTests.m */; };
/* End PBXBuildFile section */

/* Begin PBXContainerItemProxy section */
		044D6611180A15BC00489A1C /* PBXContainerItemProxy */ = {
			isa = PBXContainerItemProxy;
			containerPortal = 044D65E9180A15BC00489A1C /* Project object */;
			proxyType = 1;
			remoteGlobalIDString = 044D65F0180A15BC00489A1C;
			remoteInfo = ToDo;
		};
/* End PBXContainerItemProxy section */

/* Begin PBXFileReference section */
		044D65F1180A15BC00489A1C /* ToDo.app */ = {isa = PBXFileReference; explicitFileType = wrapper.application; includeInIndex = 0; path = ToDo.app; sourceTree = BUILT_PRODUCTS_DIR; };
		044D65F4180A15BC00489A1C /* Foundation.framework */ = {isa = PBXFileReference; lastKnownFileType = wrapper.framework; name = Foundation.framework; path = System/Library/Frameworks/Foundation.framework; sourceTree = SDKROOT; };
		044D65F6180A15BC00489A1C /* CoreGraphics.framework */ = {isa = PBXFileReference; lastKnownFileType = wrapper.framework; name = CoreGraphics.framework; path = System/Library/Frameworks/CoreGraphics.framework; sourceTree = SDKROOT; };
		044D65F8180A15BC00489A1C /* UIKit.framework */ = {isa = PBXFileReference; lastKnownFileType = wrapper.framework; name = UIKit.framework; path = System/Library/Frameworks/UIKit.framework; sourceTree = SDKROOT; };
		044D65FC180A15BC00489A1C /* ToDo-Info.plist */ = {isa = PBXFileReference; lastKnownFileType = text.plist.xml; path = "ToDo-Info.plist"; sourceTree = "<group>"; };
		044D65FE180A15BC00489A1C /* en */ = {isa = PBXFileReference; lastKnownFileType = text.plist.strings; name = en; path = en.lproj/InfoPlist.strings; sourceTree = "<group>"; };
		044D6600180A15BC00489A1C /* main.m */ = {isa = PBXFileReference; lastKnownFileType = sourcecode.c.objc; path = main.m; sourceTree = "<group>"; };
		044D6602180A15BC00489A1C /* ToDo-Prefix.pch */ = {isa = PBXFileReference; lastKnownFileType = sourcecode.c.h; path = "ToDo-Prefix.pch"; sourceTree = "<group>"; };
		044D6603180A15BC00489A1C /* AppDelegate.h */ = {isa = PBXFileReference; lastKnownFileType = sourcecode.c.h; path = AppDelegate.h; sourceTree = "<group>"; };
		044D6604180A15BC00489A1C /* AppDelegate.m */ = {isa = PBXFileReference; lastKnownFileType = sourcecode.c.objc; path = AppDelegate.m; sourceTree = "<group>"; };
		044D6606180A15BC00489A1C /* Images.xcassets */ = {isa = PBXFileReference; lastKnownFileType = folder.assetcatalog; path = Images.xcassets; sourceTree = "<group>"; };
		044D660C180A15BC00489A1C /* ToDoTests.xctest */ = {isa = PBXFileReference; explicitFileType = wrapper.cfbundle; includeInIndex = 0; path = ToDoTests.xctest; sourceTree = BUILT_PRODUCTS_DIR; };
		044D660D180A15BC00489A1C /* XCTest.framework */ = {isa = PBXFileReference; lastKnownFileType = wrapper.framework; name = XCTest.framework; path = Library/Frameworks/XCTest.framework; sourceTree = DEVELOPER_DIR; };
		044D6615180A15BC00489A1C /* ToDoTests-Info.plist */ = {isa = PBXFileReference; lastKnownFileType = text.plist.xml; path = "ToDoTests-Info.plist"; sourceTree = "<group>"; };
		044D6617180A15BC00489A1C /* en */ = {isa = PBXFileReference; lastKnownFileType = text.plist.strings; name = en; path = en.lproj/InfoPlist.strings; sourceTree = "<group>"; };
		044D6619180A15BC00489A1C /* ToDoTests.m */ = {isa = PBXFileReference; lastKnownFileType = sourcecode.c.objc; path = ToDoTests.m; sourceTree = "<group>"; };
/* End PBXFileReference section */

/* Begin PBXFrameworksBuildPhase section */
		044D65EE180A15BC00489A1C /* Frameworks */ = {
			isa = PBXFrameworksBuildPhase;
			buildActionMask = 2147483647;
			files = (
				044D65F7180A15BC00489A1C /* CoreGraphics.framework in Frameworks */,
				044D65F9180A15BC00489A1C /* UIKit.framework in Frameworks */,
				044D65F5180A15BC00489A1C /* Foundation.framework in Frameworks */,
			);
			runOnlyForDeploymentPostprocessing = 0;
		};
		044D6609180A15BC00489A1C /* Frameworks */ = {
			isa = PBXFrameworksBuildPhase;
			buildActionMask = 2147483647;
			files = (
				044D660E180A15BC00489A1C /* XCTest.framework in Frameworks */,
				044D6610180A15BC00489A1C /* UIKit.framework in Frameworks */,
				044D660F180A15BC00489A1C /* Foundation.framework in Frameworks */,
			);
			runOnlyForDeploymentPostprocessing = 0;
		};
/* End PBXFrameworksBuildPhase section */

/* Begin PBXGroup section */
		044D65E8180A15BC00489A1C = {
			isa = PBXGroup;
			children = (
				044D65FA180A15BC00489A1C /* ToDo */,
				044D6613180A15BC00489A1C /* ToDoTests */,
				044D65F3180A15BC00489A1C /* Frameworks */,
				044D65F2180A15BC00489A1C /* Products */,
			);
			sourceTree = "<group>";
		};
		044D65F2180A15BC00489A1C /* Products */ = {
			isa = PBXGroup;
			children = (
				044D65F1180A15BC00489A1C /* ToDo.app */,
				044D660C180A15BC00489A1C /* ToDoTests.xctest */,
			);
			name = Products;
			sourceTree = "<group>";
		};
		044D65F3180A15BC00489A1C /* Frameworks */ = {
			isa = PBXGroup;
			children = (
				044D65F4180A15BC00489A1C /* Foundation.framework */,
				044D65F6180A15BC00489A1C /* CoreGraphics.framework */,
				044D65F8180A15BC00489A1C /* UIKit.framework */,
				044D660D180A15BC00489A1C /* XCTest.framework */,
			);
			name = Frameworks;
			sourceTree = "<group>";
		};
		044D65FA180A15BC00489A1C /* ToDo */ = {
			isa = PBXGroup;
			children = (
				044D6603180A15BC00489A1C /* AppDelegate.h */,
				044D6604180A15BC00489A1C /* AppDelegate.m */,
				044D6606180A15BC00489A1C /* Images.xcassets */,
				044D65FB180A15BC00489A1C /* Supporting Files */,
			);
			path = ToDo;
			sourceTree = "<group>";
		};
		044D65FB180A15BC00489A1C /* Supporting Files */ = {
			isa = PBXGroup;
			children = (
				044D65FC180A15BC00489A1C /* ToDo-Info.plist */,
				044D65FD180A15BC00489A1C /* InfoPlist.strings */,
				044D6600180A15BC00489A1C /* main.m */,
				044D6602180A15BC00489A1C /* ToDo-Prefix.pch */,
			);
			name = "Supporting Files";
			sourceTree = "<group>";
		};
		044D6613180A15BC00489A1C /* ToDoTests */ = {
			isa = PBXGroup;
			children = (
				044D6619180A15BC00489A1C /* ToDoTests.m */,
				044D6614180A15BC00489A1C /* Supporting Files */,
			);
			path = ToDoTests;
			sourceTree = "<group>";
		};
		044D6614180A15BC00489A1C /* Supporting Files */ = {
			isa = PBXGroup;
			children = (
				044D6615180A15BC00489A1C /* ToDoTests-Info.plist */,
				044D6616180A15BC00489A1C /* InfoPlist.strings */,
			);
			name = "Supporting Files";
			sourceTree = "<group>";
		};
/* End PBXGroup section */

/* Begin PBXNativeTarget section */
		044D65F0180A15BC00489A1C /* ToDo */ = {
			isa = PBXNativeTarget;
			buildConfigurationList = 044D661D180A15BC00489A1C /* Build configuration list for PBXNativeTarget "ToDo" */;
			buildPhases = (
				044D65ED180A15BC00489A1C /* Sources */,
				044D65EE180A15BC00489A1C /* Frameworks */,
				044D65EF180A15BC00489A1C /* Resources */,
			);
			buildRules = (
			);
			dependencies = (
			);
			name = ToDo;
			productName = ToDo;
			productReference = 044D65F1180A15BC00489A1C /* ToDo.app */;
			productType = "com.apple.product-type.application";
		};
		044D660B180A15BC00489A1C /* ToDoTests */ = {
			isa = PBXNativeTarget;
			buildConfigurationList = 044D6620180A15BC00489A1C /* Build configuration list for PBXNativeTarget "ToDoTests" */;
			buildPhases = (
				044D6608180A15BC00489A1C /* Sources */,
				044D6609180A15BC00489A1C /* Frameworks */,
				044D660A180A15BC00489A1C /* Resources */,
			);
			buildRules = (
			);
			dependencies = (
				044D6612180A15BC00489A1C /* PBXTargetDependency */,
			);
			name = ToDoTests;
			productName = ToDoTests;
			productReference = 044D660C180A15BC00489A1C /* ToDoTests.xctest */;
			productType = "com.apple.product-type.bundle.unit-test";
		};
/* End PBXNativeTarget section */

/* Begin PBXProject section */
		044D65E9180A15BC00489A1C /* Project object */ = {
			isa = PBXProject;
			attributes = {
				LastUpgradeCheck = 0500;
				ORGANIZATIONNAME = codepath;
				TargetAttributes = {
					044D660B180A15BC00489A1C = {
						TestTargetID = 044D65F0180A15BC00489A1C;
					};
				};
			};
			buildConfigurationList = 044D65EC180A15BC00489A1C /* Build configuration list for PBXProject "ToDo" */;
			compatibilityVersion = "Xcode 3.2";
			developmentRegion = English;
			hasScannedForEncodings = 0;
			knownRegions = (
				en,
			);
			mainGroup = 044D65E8180A15BC00489A1C;
			productRefGroup = 044D65F2180A15BC00489A1C /* Products */;
			projectDirPath = "";
			projectRoot = "";
			targets = (
				044D65F0180A15BC00489A1C /* ToDo */,
				044D660B180A15BC00489A1C /* ToDoTests */,
			);
		};
/* End PBXProject section */

/* Begin PBXResourcesBuildPhase section */
		044D65EF180A15BC00489A1C /* Resources */ = {
			isa = PBXResourcesBuildPhase;
			buildActionMask = 2147483647;
			files = (
				044D65FF180A15BC00489A1C /* InfoPlist.strings in Resources */,
				044D6607180A15BC00489A1C /* Images.xcassets in Resources */,
			);
			runOnlyForDeploymentPostprocessing = 0;
		};
		044D660A180A15BC00489A1C /* Resources */ = {
			isa = PBXResourcesBuildPhase;
			buildActionMask = 2147483647;
			files = (
				044D6618180A15BC00489A1C /* InfoPlist.strings in Resources */,
			);
			runOnlyForDeploymentPostprocessing = 0;
		};
/* End PBXResourcesBuildPhase section */

/* Begin PBXSourcesBuildPhase section */
		044D65ED180A15BC00489A1C /* Sources */ = {
			isa = PBXSourcesBuildPhase;
			buildActionMask = 2147483647;
			files = (
				044D6605180A15BC00489A1C /* AppDelegate.m in Sources */,
				044D6601180A15BC00489A1C /* main.m in Sources */,
			);
			runOnlyForDeploymentPostprocessing = 0;
		};
		044D6608180A15BC00489A1C /* Sources */ = {
			isa = PBXSourcesBuildPhase;
			buildActionMask = 2147483647;
			files = (
				044D661A180A15BC00489A1C /* ToDoTests.m in Sources */,
			);
			runOnlyForDeploymentPostprocessing = 0;
		};
/* End PBXSourcesBuildPhase section */

/* Begin PBXTargetDependency section */
		044D6612180A15BC00489A1C /* PBXTargetDependency */ = {
			isa = PBXTargetDependency;
			target = 044D65F0180A15BC00489A1C /* ToDo */;
			targetProxy = 044D6611180A15BC00489A1C /* PBXContainerItemProxy */;
		};
/* End PBXTargetDependency section */

/* Begin PBXVariantGroup section */
		044D65FD180A15BC00489A1C /* InfoPlist.strings */ = {
			isa = PBXVariantGroup;
			children = (
				044D65FE180A15BC00489A1C /* en */,
			);
			name = InfoPlist.strings;
			sourceTree = "<group>";
		};
		044D6616180A15BC00489A1C /* InfoPlist.strings */ = {
			isa = PBXVariantGroup;
			children = (
				044D6617180A15BC00489A1C /* en */,
			);
			name = InfoPlist.strings;
			sourceTree = "<group>";
		};
/* End PBXVariantGroup section */

/* Begin XCBuildConfiguration section */
		044D661B180A15BC00489A1C /* Debug */ = {
			isa = XCBuildConfiguration;
			buildSettings = {
				ALWAYS_SEARCH_USER_PATHS = NO;
				ARCHS = "$(ARCHS_STANDARD_INCLUDING_64_BIT)";
				CLANG_CXX_LANGUAGE_STANDARD = "gnu++0x";
				CLANG_CXX_LIBRARY = "libc++";
				CLANG_ENABLE_MODULES = YES;
				CLANG_ENABLE_OBJC_ARC = YES;
				CLANG_WARN_BOOL_CONVERSION = YES;
				CLANG_WARN_CONSTANT_CONVERSION = YES;
				CLANG_WARN_DIRECT_OBJC_ISA_USAGE = YES_ERROR;
				CLANG_WARN_EMPTY_BODY = YES;
				CLANG_WARN_ENUM_CONVERSION = YES;
				CLANG_WARN_INT_CONVERSION = YES;
				CLANG_WARN_OBJC_ROOT_CLASS = YES_ERROR;
				CLANG_WARN__DUPLICATE_METHOD_MATCH = YES;
				"CODE_SIGN_IDENTITY[sdk=iphoneos*]" = "iPhone Developer";
				COPY_PHASE_STRIP = NO;
				GCC_C_LANGUAGE_STANDARD = gnu99;
				GCC_DYNAMIC_NO_PIC = NO;
				GCC_OPTIMIZATION_LEVEL = 0;
				GCC_PREPROCESSOR_DEFINITIONS = (
					"DEBUG=1",
					"$(inherited)",
				);
				GCC_SYMBOLS_PRIVATE_EXTERN = NO;
				GCC_WARN_64_TO_32_BIT_CONVERSION = YES;
				GCC_WARN_ABOUT_RETURN_TYPE = YES_ERROR;
				GCC_WARN_UNDECLARED_SELECTOR = YES;
				GCC_WARN_UNINITIALIZED_AUTOS = YES;
				GCC_WARN_UNUSED_FUNCTION = YES;
				GCC_WARN_UNUSED_VARIABLE = YES;
				IPHONEOS_DEPLOYMENT_TARGET = 7.0;
				ONLY_ACTIVE_ARCH = YES;
				SDKROOT = iphoneos;
				TARGETED_DEVICE_FAMILY = "1,2";
			};
			name = Debug;
		};
		044D661C180A15BC00489A1C /* Release */ = {
			isa = XCBuildConfiguration;
			buildSettings = {
				ALWAYS_SEARCH_USER_PATHS = NO;
				ARCHS = "$(ARCHS_STANDARD_INCLUDING_64_BIT)";
				CLANG_CXX_LANGUAGE_STANDARD = "gnu++0x";
				CLANG_CXX_LIBRARY = "libc++";
				CLANG_ENABLE_MODULES = YES;
				CLANG_ENABLE_OBJC_ARC = YES;
				CLANG_WARN_BOOL_CONVERSION = YES;
				CLANG_WARN_CONSTANT_CONVERSION = YES;
				CLANG_WARN_DIRECT_OBJC_ISA_USAGE = YES_ERROR;
				CLANG_WARN_EMPTY_BODY = YES;
				CLANG_WARN_ENUM_CONVERSION = YES;
				CLANG_WARN_INT_CONVERSION = YES;
				CLANG_WARN_OBJC_ROOT_CLASS = YES_ERROR;
				CLANG_WARN__DUPLICATE_METHOD_MATCH = YES;
				"CODE_SIGN_IDENTITY[sdk=iphoneos*]" = "iPhone Developer";
				COPY_PHASE_STRIP = YES;
				ENABLE_NS_ASSERTIONS = NO;
				GCC_C_LANGUAGE_STANDARD = gnu99;
				GCC_WARN_64_TO_32_BIT_CONVERSION = YES;
				GCC_WARN_ABOUT_RETURN_TYPE = YES_ERROR;
				GCC_WARN_UNDECLARED_SELECTOR = YES;
				GCC_WARN_UNINITIALIZED_AUTOS = YES;
				GCC_WARN_UNUSED_FUNCTION = YES;
				GCC_WARN_UNUSED_VARIABLE = YES;
				IPHONEOS_DEPLOYMENT_TARGET = 7.0;
				SDKROOT = iphoneos;
				TARGETED_DEVICE_FAMILY = "1,2";
				VALIDATE_PRODUCT = YES;
			};
			name = Release;
		};
		044D661E180A15BC00489A1C /* Debug */ = {
			isa = XCBuildConfiguration;
			buildSettings = {
				ASSETCATALOG_COMPILER_APPICON_NAME = AppIcon;
				ASSETCATALOG_COMPILER_LAUNCHIMAGE_NAME = LaunchImage;
				GCC_PRECOMPILE_PREFIX_HEADER = YES;
				GCC_PREFIX_HEADER = "ToDo/ToDo-Prefix.pch";
				INFOPLIST_FILE = "ToDo/ToDo-Info.plist";
				PRODUCT_NAME = "$(TARGET_NAME)";
				WRAPPER_EXTENSION = app;
			};
			name = Debug;
		};
		044D661F180A15BC00489A1C /* Release */ = {
			isa = XCBuildConfiguration;
			buildSettings = {
				ASSETCATALOG_COMPILER_APPICON_NAME = AppIcon;
				ASSETCATALOG_COMPILER_LAUNCHIMAGE_NAME = LaunchImage;
				GCC_PRECOMPILE_PREFIX_HEADER = YES;
				GCC_PREFIX_HEADER = "ToDo/ToDo-Prefix.pch";
				INFOPLIST_FILE = "ToDo/ToDo-Info.plist";
				PRODUCT_NAME = "$(TARGET_NAME)";
				WRAPPER_EXTENSION = app;
			};
			name = Release;
		};
		044D6621180A15BC00489A1C /* Debug */ = {
			isa = XCBuildConfiguration;
			buildSettings = {
				ARCHS = "$(ARCHS_STANDARD_INCLUDING_64_BIT)";
				BUNDLE_LOADER = "$(BUILT_PRODUCTS_DIR)/ToDo.app/ToDo";
				FRAMEWORK_SEARCH_PATHS = (
					"$(SDKROOT)/Developer/Library/Frameworks",
					"$(inherited)",
					"$(DEVELOPER_FRAMEWORKS_DIR)",
				);
				GCC_PRECOMPILE_PREFIX_HEADER = YES;
				GCC_PREFIX_HEADER = "ToDo/ToDo-Prefix.pch";
				GCC_PREPROCESSOR_DEFINITIONS = (
					"DEBUG=1",
					"$(inherited)",
				);
				INFOPLIST_FILE = "ToDoTests/ToDoTests-Info.plist";
				PRODUCT_NAME = "$(TARGET_NAME)";
				TEST_HOST = "$(BUNDLE_LOADER)";
				WRAPPER_EXTENSION = xctest;
			};
			name = Debug;
		};
		044D6622180A15BC00489A1C /* Release */ = {
			isa = XCBuildConfiguration;
			buildSettings = {
				ARCHS = "$(ARCHS_STANDARD_INCLUDING_64_BIT)";
				BUNDLE_LOADER = "$(BUILT_PRODUCTS_DIR)/ToDo.app/ToDo";
				FRAMEWORK_SEARCH_PATHS = (
					"$(SDKROOT)/Developer/Library/Frameworks",
					"$(inherited)",
					"$(DEVELOPER_FRAMEWORKS_DIR)",
				);
				GCC_PRECOMPILE_PREFIX_HEADER = YES;
				GCC_PREFIX_HEADER = "ToDo/ToDo-Prefix.pch";
				INFOPLIST_FILE = "ToDoTests/ToDoTests-Info.plist";
				PRODUCT_NAME = "$(TARGET_NAME)";
				TEST_HOST = "$(BUNDLE_LOADER)";
				WRAPPER_EXTENSION = xctest;
			};
			name = Release;
		};
/* End XCBuildConfiguration section */

/* Begin XCConfigurationList section */
		044D65EC180A15BC00489A1C /* Build configuration list for PBXProject "ToDo" */ = {
			isa = XCConfigurationList;
			buildConfigurations = (
				044D661B180A15BC00489A1C /* Debug */,
				044D661C180A15BC00489A1C /* Release */,
			);
			defaultConfigurationIsVisible = 0;
			defaultConfigurationName = Release;
		};
		044D661D180A15BC00489A1C /* Build configuration list for PBXNativeTarget "ToDo" */ = {
			isa = XCConfigurationList;
			buildConfigurations = (
				044D661E180A15BC00489A1C /* Debug */,
				044D661F180A15BC00489A1C /* Release */,
			);
			defaultConfigurationIsVisible = 0;
		};
		044D6620180A15BC00489A1C /* Build configuration list for PBXNativeTarget "ToDoTests" */ = {
			isa = XCConfigurationList;
			buildConfigurations = (
				044D6621180A15BC00489A1C /* Debug */,
				044D6622180A15BC00489A1C /* Release */,
			);
			defaultConfigurationIsVisible = 0;
		};
/* End XCConfigurationList section */
	};
	rootObject = 044D65E9180A15BC00489A1C /* Project object */;
}
